
Microsoft Visual Studio Solution File, Format Version 12.00
# Visual Studio Version 17
VisualStudioVersion = 17.11.35219.272
MinimumVisualStudioVersion = 10.0.40219.1
Project("{FAE04EC0-301F-11D3-BF4B-00C04F79EFBC}") = "Final_Risso", "Final_Risso\Final_Risso.csproj", "{C2EEE273-D565-49B8-B502-FB3B87B9C59C}"
EndProject
Global
	GlobalSection(SolutionConfigurationPlatforms) = preSolution
		Debug|Any CPU = Debug|Any CPU
		Release|Any CPU = Release|Any CPU
	EndGlobalSection
	GlobalSection(ProjectConfigurationPlatforms) = postSolution
		{C2EEE273-D565-49B8-B502-FB3B87B9C59C}.Debug|Any CPU.ActiveCfg = Debug|Any CPU
		{C2EEE273-D565-49B8-B502-FB3B87B9C59C}.Debug|Any CPU.Build.0 = Debug|Any CPU
		{C2EEE273-D565-49B8-B502-FB3B87B9C59C}.Release|Any CPU.ActiveCfg = Release|Any CPU
		{C2EEE273-D565-49B8-B502-FB3B87B9C59C}.Release|Any CPU.Build.0 = Release|Any CPU
	EndGlobalSection
	GlobalSection(SolutionProperties) = preSolution
		HideSolutionNode = FALSE
	EndGlobalSection
	GlobalSection(ExtensibilityGlobals) = postSolution
		SolutionGuid = {F811D1BB-0964-47DC-B732-8D3E64B2C390}
	EndGlobalSection
EndGlobal
